dependencies:
- name: sthings-helm-toolkit
  repository: oci://eu.gcr.io/stuttgart-things
  version: 2.4.42
- name: redis
  repository: https://charts.bitnami.com/bitnami
  version: 17.11.6
digest: sha256:924035b8cb060bc5351623e5a77596f02e28f37ad3aaf572267a72474f5c36e8
generated: "2023-06-26T10:22:06.822143365Z"
