dependencies:
- name: sthings-helm-toolkit
  repository: oci://eu.gcr.io/stuttgart-things
  version: 2.4.42
- name: redis
  repository: https://charts.bitnami.com/bitnami
  version: 17.11.6
- name: tekton-resources
  repository: oci://eu.gcr.io/stuttgart-things
  version: v0.47.11
digest: sha256:de336335105633cc4ba705a2f691fb8e25f055899785ed33184b35a60909c9ce
generated: "2023-07-11T07:51:03.724990705Z"
